
Microsoft Visual Studio Solution File, Format Version 12.00
# Visual Studio Version 17
VisualStudioVersion = 17.8.34309.116
MinimumVisualStudioVersion = 10.0.40219.1
Project("{9A19103F-16F7-4668-BE54-9A1E7A4F7556}") = "ShoppingList.Web", "ShoppingList.Web\ShoppingList.Web\ShoppingList.Web.csproj", "{440DF66C-F22A-4F03-B06B-22E038B0E499}"
EndProject
Project("{9A19103F-16F7-4668-BE54-9A1E7A4F7556}") = "ShoppingList.Web.Client", "ShoppingList.Web\ShoppingList.Web.Client\ShoppingList.Web.Client.csproj", "{C3F7AD88-8468-4913-8023-9689D68257CA}"
EndProject
Project("{9A19103F-16F7-4668-BE54-9A1E7A4F7556}") = "ShoppingList.Domain", "ShoppingList.Domain\ShoppingList.Domain.csproj", "{FA9DD4E1-BE8F-42AF-BB0B-BB6791E2FAA4}"
EndProject
Project("{FAE04EC0-301F-11D3-BF4B-00C04F79EFBC}") = "ShoppingList.Infrastructure", "ShoppingList.Infrastructure\ShoppingList.Infrastructure.csproj", "{822601E8-02BD-4730-A6ED-04FA71EDC8DC}"
EndProject
Project("{FAE04EC0-301F-11D3-BF4B-00C04F79EFBC}") = "ShoppingList.DTO", "ShoppingList.DTO\ShoppingList.DTO.csproj", "{9DFEFFCC-793C-40B9-8E5D-C2F238BC9182}"
EndProject
Global
	GlobalSection(SolutionConfigurationPlatforms) = preSolution
		Debug|Any CPU = Debug|Any CPU
		Release|Any CPU = Release|Any CPU
	EndGlobalSection
	GlobalSection(ProjectConfigurationPlatforms) = postSolution
		{440DF66C-F22A-4F03-B06B-22E038B0E499}.Debug|Any CPU.ActiveCfg = Debug|Any CPU
		{440DF66C-F22A-4F03-B06B-22E038B0E499}.Debug|Any CPU.Build.0 = Debug|Any CPU
		{440DF66C-F22A-4F03-B06B-22E038B0E499}.Release|Any CPU.ActiveCfg = Release|Any CPU
		{440DF66C-F22A-4F03-B06B-22E038B0E499}.Release|Any CPU.Build.0 = Release|Any CPU
		{C3F7AD88-8468-4913-8023-9689D68257CA}.Debug|Any CPU.ActiveCfg = Debug|Any CPU
		{C3F7AD88-8468-4913-8023-9689D68257CA}.Debug|Any CPU.Build.0 = Debug|Any CPU
		{C3F7AD88-8468-4913-8023-9689D68257CA}.Release|Any CPU.ActiveCfg = Release|Any CPU
		{C3F7AD88-8468-4913-8023-9689D68257CA}.Release|Any CPU.Build.0 = Release|Any CPU
		{FA9DD4E1-BE8F-42AF-BB0B-BB6791E2FAA4}.Debug|Any CPU.ActiveCfg = Debug|Any CPU
		{FA9DD4E1-BE8F-42AF-BB0B-BB6791E2FAA4}.Debug|Any CPU.Build.0 = Debug|Any CPU
		{FA9DD4E1-BE8F-42AF-BB0B-BB6791E2FAA4}.Release|Any CPU.ActiveCfg = Release|Any CPU
		{FA9DD4E1-BE8F-42AF-BB0B-BB6791E2FAA4}.Release|Any CPU.Build.0 = Release|Any CPU
		{822601E8-02BD-4730-A6ED-04FA71EDC8DC}.Debug|Any CPU.ActiveCfg = Debug|Any CPU
		{822601E8-02BD-4730-A6ED-04FA71EDC8DC}.Debug|Any CPU.Build.0 = Debug|Any CPU
		{822601E8-02BD-4730-A6ED-04FA71EDC8DC}.Release|Any CPU.ActiveCfg = Release|Any CPU
		{822601E8-02BD-4730-A6ED-04FA71EDC8DC}.Release|Any CPU.Build.0 = Release|Any CPU
		{9DFEFFCC-793C-40B9-8E5D-C2F238BC9182}.Debug|Any CPU.ActiveCfg = Debug|Any CPU
		{9DFEFFCC-793C-40B9-8E5D-C2F238BC9182}.Debug|Any CPU.Build.0 = Debug|Any CPU
		{9DFEFFCC-793C-40B9-8E5D-C2F238BC9182}.Release|Any CPU.ActiveCfg = Release|Any CPU
		{9DFEFFCC-793C-40B9-8E5D-C2F238BC9182}.Release|Any CPU.Build.0 = Release|Any CPU
	EndGlobalSection
	GlobalSection(SolutionProperties) = preSolution
		HideSolutionNode = FALSE
	EndGlobalSection
	GlobalSection(ExtensibilityGlobals) = postSolution
		SolutionGuid = {97294DF3-D53F-42DE-917A-463FCDC61ED5}
	EndGlobalSection
EndGlobal
